
Microsoft Visual Studio Solution File, Format Version 12.00
# Visual Studio 15
VisualStudioVersion = 15.0.27428.2005
MinimumVisualStudioVersion = 10.0.40219.1
Project("{8BC9CEB8-8B4A-11D0-8D11-00A0C91BC942}") = "GFF", "GFF\GFF.vcxproj", "{21674D19-D0E2-49E8-90CA-2A2B9DD05C42}"
EndProject
Global
	GlobalSection(SolutionConfigurationPlatforms) = preSolution
		Debug|x64 = Debug|x64
		Debug|x86 = Debug|x86
		Release|x64 = Release|x64
		Release|x86 = Release|x86
	EndGlobalSection
	GlobalSection(ProjectConfigurationPlatforms) = postSolution
		{21674D19-D0E2-49E8-90CA-2A2B9DD05C42}.Debug|x64.ActiveCfg = Debug|x64
		{21674D19-D0E2-49E8-90CA-2A2B9DD05C42}.Debug|x64.Build.0 = Debug|x64
		{21674D19-D0E2-49E8-90CA-2A2B9DD05C42}.Debug|x86.ActiveCfg = Debug|Win32
		{21674D19-D0E2-49E8-90CA-2A2B9DD05C42}.Debug|x86.Build.0 = Debug|Win32
		{21674D19-D0E2-49E8-90CA-2A2B9DD05C42}.Release|x64.ActiveCfg = Release|x64
		{21674D19-D0E2-49E8-90CA-2A2B9DD05C42}.Release|x64.Build.0 = Release|x64
		{21674D19-D0E2-49E8-90CA-2A2B9DD05C42}.Release|x86.ActiveCfg = Release|Win32
		{21674D19-D0E2-49E8-90CA-2A2B9DD05C42}.Release|x86.Build.0 = Release|Win32
	EndGlobalSection
	GlobalSection(SolutionProperties) = preSolution
		HideSolutionNode = FALSE
	EndGlobalSection
	GlobalSection(ExtensibilityGlobals) = postSolution
		SolutionGuid = {B01C5431-5F7B-4808-8F8D-ACA7A0559A5F}
	EndGlobalSection
EndGlobal
